
Microsoft Visual Studio Solution File, Format Version 12.00
# Visual Studio Version 17
VisualStudioVersion = 17.3.32922.545
MinimumVisualStudioVersion = 10.0.40219.1
Project("{9A19103F-16F7-4668-BE54-9A1E7A4F7556}") = "Database Manager", "Database Manager\Database Manager.csproj", "{956671F0-E52F-4533-9A51-883D5952B675}"
EndProject
Global
	GlobalSection(SolutionConfigurationPlatforms) = preSolution
		Debug|Any CPU = Debug|Any CPU
		Release|Any CPU = Release|Any CPU
	EndGlobalSection
	GlobalSection(ProjectConfigurationPlatforms) = postSolution
		{956671F0-E52F-4533-9A51-883D5952B675}.Debug|Any CPU.ActiveCfg = Debug|Any CPU
		{956671F0-E52F-4533-9A51-883D5952B675}.Debug|Any CPU.Build.0 = Debug|Any CPU
		{956671F0-E52F-4533-9A51-883D5952B675}.Release|Any CPU.ActiveCfg = Release|Any CPU
		{956671F0-E52F-4533-9A51-883D5952B675}.Release|Any CPU.Build.0 = Release|Any CPU
	EndGlobalSection
	GlobalSection(SolutionProperties) = preSolution
		HideSolutionNode = FALSE
	EndGlobalSection
	GlobalSection(ExtensibilityGlobals) = postSolution
		SolutionGuid = {2B18B7C4-0855-486C-8DBE-7893C963BD1A}
	EndGlobalSection
EndGlobal
